// !$*UTF8*$!
{
	archiveVersion = 1;
	classes = {
	};
	objectVersion = 55;
	objects = {

/* Begin PBXBuildFile section */
		B5137E322D147F2200537427 /* RegisterViewControllerCoordinator.swift in Sources */ = {isa = PBXBuildFile; fileRef = B5137E312D147F2200537427 /* RegisterViewControllerCoordinator.swift */; };
		B5157DEA2CF4D6B50059B910 /* Environment.swift in Sources */ = {isa = PBXBuildFile; fileRef = B5157DE92CF4D6B50059B910 /* Environment.swift */; };
		B5157DEC2CF7CFD30059B910 /* URLtoImageFetcher.swift in Sources */ = {isa = PBXBuildFile; fileRef = B5157DEB2CF7CFD30059B910 /* URLtoImageFetcher.swift */; };
		B533A8752B5D74ED00448BBC /* TaskModel.swift in Sources */ = {isa = PBXBuildFile; fileRef = B533A8742B5D74ED00448BBC /* TaskModel.swift */; };
		B53A38622CD0EC7000C56643 /* Decoder.swift in Sources */ = {isa = PBXBuildFile; fileRef = B53A38612CD0EC7000C56643 /* Decoder.swift */; };
		B53A38662CDFC96B00C56643 /* Encoder.swift in Sources */ = {isa = PBXBuildFile; fileRef = B53A38652CDFC96B00C56643 /* Encoder.swift */; };
		B53A386A2CDFE3A800C56643 /* DIContainer.swift in Sources */ = {isa = PBXBuildFile; fileRef = B53A38692CDFE3A800C56643 /* DIContainer.swift */; };
		B550ECEF2BA5E1DD00044609 /* ProtocolCoordinator.swift in Sources */ = {isa = PBXBuildFile; fileRef = B550ECEE2BA5E1DD00044609 /* ProtocolCoordinator.swift */; };
		B550ECF32BA5F5A600044609 /* AppCoordinator.swift in Sources */ = {isa = PBXBuildFile; fileRef = B550ECF22BA5F5A600044609 /* AppCoordinator.swift */; };
		B550ECF52BA6024D00044609 /* LoginViewControllerCoordinator.swift in Sources */ = {isa = PBXBuildFile; fileRef = B550ECF42BA6024D00044609 /* LoginViewControllerCoordinator.swift */; };
		B550ECF72BA60CE900044609 /* TabBarViewController.swift in Sources */ = {isa = PBXBuildFile; fileRef = B550ECF62BA60CE900044609 /* TabBarViewController.swift */; };
		B550ECF92BA6EE0F00044609 /* TabBarControllerCoordinator.swift in Sources */ = {isa = PBXBuildFile; fileRef = B550ECF82BA6EE0F00044609 /* TabBarControllerCoordinator.swift */; };
		B550ED012BB038C900044609 /* TaskViewControllerCoordinator.swift in Sources */ = {isa = PBXBuildFile; fileRef = B550ED002BB038C900044609 /* TaskViewControllerCoordinator.swift */; };
		B550ED032BB092DF00044609 /* CalculateViewControllerCoordinator.swift in Sources */ = {isa = PBXBuildFile; fileRef = B550ED022BB092DF00044609 /* CalculateViewControllerCoordinator.swift */; };
		B55A71C32B727CFE005EB46D /* TaskTableViewCell.swift in Sources */ = {isa = PBXBuildFile; fileRef = B55A71C22B727CFE005EB46D /* TaskTableViewCell.swift */; };
		B55C27922B9219A0003A3DBA /* PopoverRcalculateViewController.swift in Sources */ = {isa = PBXBuildFile; fileRef = B55C27912B9219A0003A3DBA /* PopoverRcalculateViewController.swift */; };
		B55C27962B9C862A003A3DBA /* CalculationViewController.swift in Sources */ = {isa = PBXBuildFile; fileRef = B55C27952B9C862A003A3DBA /* CalculationViewController.swift */; };
		B57222FD2CEBDC6100E57E4F /* Logger.swift in Sources */ = {isa = PBXBuildFile; fileRef = B57222FC2CEBDC6100E57E4F /* Logger.swift */; };
		B58D3DC12D0674FB00B86EDE /* Swinject in Frameworks */ = {isa = PBXBuildFile; productRef = B58D3DC02D0674FB00B86EDE /* Swinject */; };
		B5913B9C2CBD8AA500F8764B /* AnimationHandler.swift in Sources */ = {isa = PBXBuildFile; fileRef = B5913B9B2CBD8A8500F8764B /* AnimationHandler.swift */; };
		B5A78F472CF243F500F7A3D8 /* FirebaseAuth in Frameworks */ = {isa = PBXBuildFile; productRef = B5A78F462CF243F500F7A3D8 /* FirebaseAuth */; };
		B5A78F492CF243F500F7A3D8 /* FirebaseAuthCombine-Community in Frameworks */ = {isa = PBXBuildFile; productRef = B5A78F482CF243F500F7A3D8 /* FirebaseAuthCombine-Community */; };
		B5A78F4B2CF243F500F7A3D8 /* FirebaseCore in Frameworks */ = {isa = PBXBuildFile; productRef = B5A78F4A2CF243F500F7A3D8 /* FirebaseCore */; };
		B5A78F4D2CF243F500F7A3D8 /* FirebaseCrashlytics in Frameworks */ = {isa = PBXBuildFile; productRef = B5A78F4C2CF243F500F7A3D8 /* FirebaseCrashlytics */; };
		B5A78F4F2CF243F500F7A3D8 /* FirebaseDatabase in Frameworks */ = {isa = PBXBuildFile; productRef = B5A78F4E2CF243F500F7A3D8 /* FirebaseDatabase */; };
		B5A78F512CF243F500F7A3D8 /* FirebaseFirestore in Frameworks */ = {isa = PBXBuildFile; productRef = B5A78F502CF243F500F7A3D8 /* FirebaseFirestore */; };
		B5A78F542CF2445300F7A3D8 /* SDWebImage in Frameworks */ = {isa = PBXBuildFile; productRef = B5A78F532CF2445300F7A3D8 /* SDWebImage */; };
		B5A78F562CF2445300F7A3D8 /* SDWebImageMapKit in Frameworks */ = {isa = PBXBuildFile; productRef = B5A78F552CF2445300F7A3D8 /* SDWebImageMapKit */; };
		B5A78F592CF2447D00F7A3D8 /* IQKeyboardManagerSwift in Frameworks */ = {isa = PBXBuildFile; productRef = B5A78F582CF2447D00F7A3D8 /* IQKeyboardManagerSwift */; };
		B5ABD5F62CA83DED00D34B8E /* NetworkManager.swift in Sources */ = {isa = PBXBuildFile; fileRef = B5ABD5F52CA83DED00D34B8E /* NetworkManager.swift */; };
		B5ABD5F92CA853A400D34B8E /* ErrorHandler.swift in Sources */ = {isa = PBXBuildFile; fileRef = B5ABD5F82CA853A400D34B8E /* ErrorHandler.swift */; };
		B5ABD5FB2CA8599500D34B8E /* SessionConfiguration.swift in Sources */ = {isa = PBXBuildFile; fileRef = B5ABD5FA2CA8599500D34B8E /* SessionConfiguration.swift */; };
		B5ABD6002CA879D200D34B8E /* EndpointConfiguration.swift in Sources */ = {isa = PBXBuildFile; fileRef = B5ABD5FF2CA879D200D34B8E /* EndpointConfiguration.swift */; };
		B5ABD6032CB308DE00D34B8E /* AlertStrategyPresenter.swift in Sources */ = {isa = PBXBuildFile; fileRef = B5ABD6022CB308DE00D34B8E /* AlertStrategyPresenter.swift */; };
		B5B647D52C08B25D00743DBE /* NewsViewControllerCoordinator.swift in Sources */ = {isa = PBXBuildFile; fileRef = B5B647D42C08B25D00743DBE /* NewsViewControllerCoordinator.swift */; };
		B5B647EC2C12174800743DBE /* YouTubeAPITableViewCell.swift in Sources */ = {isa = PBXBuildFile; fileRef = B5B647EB2C12174800743DBE /* YouTubeAPITableViewCell.swift */; };
		B5B647F42C18A1D700743DBE /* NewsTableViewController.swift in Sources */ = {isa = PBXBuildFile; fileRef = B5B647F32C18A1D700743DBE /* NewsTableViewController.swift */; };
		B5BEBF612D06753F00BF7A72 /* SwinjectAutoregistration in Frameworks */ = {isa = PBXBuildFile; productRef = B5BEBF602D06753F00BF7A72 /* SwinjectAutoregistration */; };
		B5BEBF632D068B8700BF7A72 /* NetworkManagerDelegate.swift in Sources */ = {isa = PBXBuildFile; fileRef = B5BEBF622D068B8700BF7A72 /* NetworkManagerDelegate.swift */; };
		B5C52C982D43978A00565E06 /* NewAPIModel.swift in Sources */ = {isa = PBXBuildFile; fileRef = B5C52C972D43978A00565E06 /* NewAPIModel.swift */; };
		B5C52C9F2D43C72D00565E06 /* DIContainer+AnimationHandler.swift in Sources */ = {isa = PBXBuildFile; fileRef = B5C52C9E2D43C72400565E06 /* DIContainer+AnimationHandler.swift */; };
		B5C52CA12D43C7B000565E06 /* DIContainer+ImageFetcher.swift in Sources */ = {isa = PBXBuildFile; fileRef = B5C52CA02D43C7B000565E06 /* DIContainer+ImageFetcher.swift */; };
		B5C52CA52D43C9D000565E06 /* DIContainer+Network.swift in Sources */ = {isa = PBXBuildFile; fileRef = B5C52CA42D43C9CD00565E06 /* DIContainer+Network.swift */; };
		B5C52CA72D43CA1300565E06 /* DIContainer+Coordinator.swift in Sources */ = {isa = PBXBuildFile; fileRef = B5C52CA62D43CA1300565E06 /* DIContainer+Coordinator.swift */; };
		B5C52CAB2D45275200565E06 /* Observable.swift in Sources */ = {isa = PBXBuildFile; fileRef = B5C52CAA2D45275200565E06 /* Observable.swift */; };
		B5C9417F29F2A7FE002F9AF3 /* AppDelegate.swift in Sources */ = {isa = PBXBuildFile; fileRef = B5C9417E29F2A7FE002F9AF3 /* AppDelegate.swift */; };
		B5C9418129F2A7FE002F9AF3 /* SceneDelegate.swift in Sources */ = {isa = PBXBuildFile; fileRef = B5C9418029F2A7FE002F9AF3 /* SceneDelegate.swift */; };
		B5C9418329F2A7FE002F9AF3 /* LoginViewController.swift in Sources */ = {isa = PBXBuildFile; fileRef = B5C9418229F2A7FE002F9AF3 /* LoginViewController.swift */; };
		B5C9418829F2A800002F9AF3 /* Assets.xcassets in Resources */ = {isa = PBXBuildFile; fileRef = B5C9418729F2A800002F9AF3 /* Assets.xcassets */; };
		B5C9418B29F2A800002F9AF3 /* LaunchScreen.storyboard in Resources */ = {isa = PBXBuildFile; fileRef = B5C9418929F2A800002F9AF3 /* LaunchScreen.storyboard */; };
		B5C9419329F2AA0D002F9AF3 /* TaskViewController.swift in Sources */ = {isa = PBXBuildFile; fileRef = B5C9419229F2AA0D002F9AF3 /* TaskViewController.swift */; };
		B5C941B529F33A3B002F9AF3 /* GoogleService-Info.plist in Resources */ = {isa = PBXBuildFile; fileRef = B5C941B429F33A3B002F9AF3 /* GoogleService-Info.plist */; };
		B5D799B82CB635DA00F9DF8D /* RetryConfiguration.swift in Sources */ = {isa = PBXBuildFile; fileRef = B5D799B72CB635DA00F9DF8D /* RetryConfiguration.swift */; };
		B5F7A30D29FECCB900EF0447 /* RegisterViewController.swift in Sources */ = {isa = PBXBuildFile; fileRef = B5F7A30C29FECCB900EF0447 /* RegisterViewController.swift */; };
		B5F7A3112A0E2F3C00EF0447 /* Validation.swift in Sources */ = {isa = PBXBuildFile; fileRef = B5F7A3102A0E2F3C00EF0447 /* Validation.swift */; };
/* End PBXBuildFile section */

/* Begin PBXFileReference section */
		B5137E312D147F2200537427 /* RegisterViewControllerCoordinator.swift */ = {isa = PBXFileReference; lastKnownFileType = sourcecode.swift; path = RegisterViewControllerCoordinator.swift; sourceTree = "<group>"; };
		B5157DE92CF4D6B50059B910 /* Environment.swift */ = {isa = PBXFileReference; lastKnownFileType = sourcecode.swift; path = Environment.swift; sourceTree = "<group>"; };
		B5157DEB2CF7CFD30059B910 /* URLtoImageFetcher.swift */ = {isa = PBXFileReference; lastKnownFileType = sourcecode.swift; path = URLtoImageFetcher.swift; sourceTree = "<group>"; };
		B533A8742B5D74ED00448BBC /* TaskModel.swift */ = {isa = PBXFileReference; lastKnownFileType = sourcecode.swift; path = TaskModel.swift; sourceTree = "<group>"; };
		B53A38612CD0EC7000C56643 /* Decoder.swift */ = {isa = PBXFileReference; lastKnownFileType = sourcecode.swift; path = Decoder.swift; sourceTree = "<group>"; };
		B53A38652CDFC96B00C56643 /* Encoder.swift */ = {isa = PBXFileReference; lastKnownFileType = sourcecode.swift; path = Encoder.swift; sourceTree = "<group>"; };
		B53A38692CDFE3A800C56643 /* DIContainer.swift */ = {isa = PBXFileReference; lastKnownFileType = sourcecode.swift; path = DIContainer.swift; sourceTree = "<group>"; };
		B550ECEE2BA5E1DD00044609 /* ProtocolCoordinator.swift */ = {isa = PBXFileReference; lastKnownFileType = sourcecode.swift; path = ProtocolCoordinator.swift; sourceTree = "<group>"; };
		B550ECF22BA5F5A600044609 /* AppCoordinator.swift */ = {isa = PBXFileReference; lastKnownFileType = sourcecode.swift; path = AppCoordinator.swift; sourceTree = "<group>"; };
		B550ECF42BA6024D00044609 /* LoginViewControllerCoordinator.swift */ = {isa = PBXFileReference; lastKnownFileType = sourcecode.swift; path = LoginViewControllerCoordinator.swift; sourceTree = "<group>"; };
		B550ECF62BA60CE900044609 /* TabBarViewController.swift */ = {isa = PBXFileReference; lastKnownFileType = sourcecode.swift; path = TabBarViewController.swift; sourceTree = "<group>"; };
		B550ECF82BA6EE0F00044609 /* TabBarControllerCoordinator.swift */ = {isa = PBXFileReference; lastKnownFileType = sourcecode.swift; path = TabBarControllerCoordinator.swift; sourceTree = "<group>"; };
		B550ED002BB038C900044609 /* TaskViewControllerCoordinator.swift */ = {isa = PBXFileReference; lastKnownFileType = sourcecode.swift; path = TaskViewControllerCoordinator.swift; sourceTree = "<group>"; };
		B550ED022BB092DF00044609 /* CalculateViewControllerCoordinator.swift */ = {isa = PBXFileReference; lastKnownFileType = sourcecode.swift; path = CalculateViewControllerCoordinator.swift; sourceTree = "<group>"; };
		B55A71C22B727CFE005EB46D /* TaskTableViewCell.swift */ = {isa = PBXFileReference; lastKnownFileType = sourcecode.swift; path = TaskTableViewCell.swift; sourceTree = "<group>"; };
		B55C27912B9219A0003A3DBA /* PopoverRcalculateViewController.swift */ = {isa = PBXFileReference; lastKnownFileType = sourcecode.swift; path = PopoverRcalculateViewController.swift; sourceTree = "<group>"; };
		B55C27952B9C862A003A3DBA /* CalculationViewController.swift */ = {isa = PBXFileReference; lastKnownFileType = sourcecode.swift; path = CalculationViewController.swift; sourceTree = "<group>"; };
		B57222FC2CEBDC6100E57E4F /* Logger.swift */ = {isa = PBXFileReference; lastKnownFileType = sourcecode.swift; path = Logger.swift; sourceTree = "<group>"; };
		B5913B9B2CBD8A8500F8764B /* AnimationHandler.swift */ = {isa = PBXFileReference; lastKnownFileType = sourcecode.swift; path = AnimationHandler.swift; sourceTree = "<group>"; };
		B5ABD5F52CA83DED00D34B8E /* NetworkManager.swift */ = {isa = PBXFileReference; lastKnownFileType = sourcecode.swift; path = NetworkManager.swift; sourceTree = "<group>"; };
		B5ABD5F82CA853A400D34B8E /* ErrorHandler.swift */ = {isa = PBXFileReference; lastKnownFileType = sourcecode.swift; path = ErrorHandler.swift; sourceTree = "<group>"; };
		B5ABD5FA2CA8599500D34B8E /* SessionConfiguration.swift */ = {isa = PBXFileReference; lastKnownFileType = sourcecode.swift; path = SessionConfiguration.swift; sourceTree = "<group>"; };
		B5ABD5FF2CA879D200D34B8E /* EndpointConfiguration.swift */ = {isa = PBXFileReference; lastKnownFileType = sourcecode.swift; path = EndpointConfiguration.swift; sourceTree = "<group>"; };
		B5ABD6022CB308DE00D34B8E /* AlertStrategyPresenter.swift */ = {isa = PBXFileReference; lastKnownFileType = sourcecode.swift; path = AlertStrategyPresenter.swift; sourceTree = "<group>"; };
		B5B647D42C08B25D00743DBE /* NewsViewControllerCoordinator.swift */ = {isa = PBXFileReference; lastKnownFileType = sourcecode.swift; path = NewsViewControllerCoordinator.swift; sourceTree = "<group>"; };
		B5B647EB2C12174800743DBE /* YouTubeAPITableViewCell.swift */ = {isa = PBXFileReference; lastKnownFileType = sourcecode.swift; path = YouTubeAPITableViewCell.swift; sourceTree = "<group>"; };
		B5B647F32C18A1D700743DBE /* NewsTableViewController.swift */ = {isa = PBXFileReference; lastKnownFileType = sourcecode.swift; path = NewsTableViewController.swift; sourceTree = "<group>"; };
		B5BEBF622D068B8700BF7A72 /* NetworkManagerDelegate.swift */ = {isa = PBXFileReference; lastKnownFileType = sourcecode.swift; path = NetworkManagerDelegate.swift; sourceTree = "<group>"; };
		B5C52C972D43978A00565E06 /* NewAPIModel.swift */ = {isa = PBXFileReference; lastKnownFileType = sourcecode.swift; path = NewAPIModel.swift; sourceTree = "<group>"; };
		B5C52C9E2D43C72400565E06 /* DIContainer+AnimationHandler.swift */ = {isa = PBXFileReference; lastKnownFileType = sourcecode.swift; path = "DIContainer+AnimationHandler.swift"; sourceTree = "<group>"; };
		B5C52CA02D43C7B000565E06 /* DIContainer+ImageFetcher.swift */ = {isa = PBXFileReference; lastKnownFileType = sourcecode.swift; path = "DIContainer+ImageFetcher.swift"; sourceTree = "<group>"; };
		B5C52CA42D43C9CD00565E06 /* DIContainer+Network.swift */ = {isa = PBXFileReference; lastKnownFileType = sourcecode.swift; path = "DIContainer+Network.swift"; sourceTree = "<group>"; };
		B5C52CA62D43CA1300565E06 /* DIContainer+Coordinator.swift */ = {isa = PBXFileReference; lastKnownFileType = sourcecode.swift; path = "DIContainer+Coordinator.swift"; sourceTree = "<group>"; };
		B5C52CAA2D45275200565E06 /* Observable.swift */ = {isa = PBXFileReference; lastKnownFileType = sourcecode.swift; path = Observable.swift; sourceTree = "<group>"; };
		B5C9417B29F2A7FE002F9AF3 /* ToDoTasks.app */ = {isa = PBXFileReference; explicitFileType = wrapper.application; includeInIndex = 0; path = ToDoTasks.app; sourceTree = BUILT_PRODUCTS_DIR; };
		B5C9417E29F2A7FE002F9AF3 /* AppDelegate.swift */ = {isa = PBXFileReference; lastKnownFileType = sourcecode.swift; path = AppDelegate.swift; sourceTree = "<group>"; };
		B5C9418029F2A7FE002F9AF3 /* SceneDelegate.swift */ = {isa = PBXFileReference; lastKnownFileType = sourcecode.swift; path = SceneDelegate.swift; sourceTree = "<group>"; };
		B5C9418229F2A7FE002F9AF3 /* LoginViewController.swift */ = {isa = PBXFileReference; lastKnownFileType = sourcecode.swift; path = LoginViewController.swift; sourceTree = "<group>"; };
		B5C9418729F2A800002F9AF3 /* Assets.xcassets */ = {isa = PBXFileReference; lastKnownFileType = folder.assetcatalog; path = Assets.xcassets; sourceTree = "<group>"; };
		B5C9418A29F2A800002F9AF3 /* Base */ = {isa = PBXFileReference; lastKnownFileType = file.storyboard; name = Base; path = Base.lproj/LaunchScreen.storyboard; sourceTree = "<group>"; };
		B5C9418C29F2A800002F9AF3 /* Info.plist */ = {isa = PBXFileReference; lastKnownFileType = text.plist.xml; path = Info.plist; sourceTree = "<group>"; };
		B5C9419229F2AA0D002F9AF3 /* TaskViewController.swift */ = {isa = PBXFileReference; lastKnownFileType = sourcecode.swift; path = TaskViewController.swift; sourceTree = "<group>"; };
		B5C941B429F33A3B002F9AF3 /* GoogleService-Info.plist */ = {isa = PBXFileReference; fileEncoding = 4; lastKnownFileType = text.plist.xml; path = "GoogleService-Info.plist"; sourceTree = "<group>"; };
		B5D799B72CB635DA00F9DF8D /* RetryConfiguration.swift */ = {isa = PBXFileReference; lastKnownFileType = sourcecode.swift; path = RetryConfiguration.swift; sourceTree = "<group>"; };
		B5F7A30C29FECCB900EF0447 /* RegisterViewController.swift */ = {isa = PBXFileReference; lastKnownFileType = sourcecode.swift; path = RegisterViewController.swift; sourceTree = "<group>"; };
		B5F7A3102A0E2F3C00EF0447 /* Validation.swift */ = {isa = PBXFileReference; lastKnownFileType = sourcecode.swift; path = Validation.swift; sourceTree = "<group>"; };
/* End PBXFileReference section */

/* Begin PBXFrameworksBuildPhase section */
		B5C9417829F2A7FE002F9AF3 /* Frameworks */ = {
			isa = PBXFrameworksBuildPhase;
			buildActionMask = 2147483647;
			files = (
				B5BEBF612D06753F00BF7A72 /* SwinjectAutoregistration in Frameworks */,
				B5A78F4F2CF243F500F7A3D8 /* FirebaseDatabase in Frameworks */,
				B5A78F472CF243F500F7A3D8 /* FirebaseAuth in Frameworks */,
				B5A78F4D2CF243F500F7A3D8 /* FirebaseCrashlytics in Frameworks */,
				B5A78F542CF2445300F7A3D8 /* SDWebImage in Frameworks */,
				B5A78F4B2CF243F500F7A3D8 /* FirebaseCore in Frameworks */,
				B5A78F592CF2447D00F7A3D8 /* IQKeyboardManagerSwift in Frameworks */,
				B5A78F492CF243F500F7A3D8 /* FirebaseAuthCombine-Community in Frameworks */,
				B5A78F562CF2445300F7A3D8 /* SDWebImageMapKit in Frameworks */,
				B5A78F512CF243F500F7A3D8 /* FirebaseFirestore in Frameworks */,
				B58D3DC12D0674FB00B86EDE /* Swinject in Frameworks */,
			);
			runOnlyForDeploymentPostprocessing = 0;
		};
/* End PBXFrameworksBuildPhase section */

/* Begin PBXGroup section */
		B533A8732B5D74A200448BBC /* Model */ = {
			isa = PBXGroup;
			children = (
				B533A8742B5D74ED00448BBC /* TaskModel.swift */,
				B5C52C972D43978A00565E06 /* NewAPIModel.swift */,
			);
			path = Model;
			sourceTree = "<group>";
		};
		B53A38682CDFE37400C56643 /* DIContainer */ = {
			isa = PBXGroup;
			children = (
				B53A38692CDFE3A800C56643 /* DIContainer.swift */,
				B5C52CA42D43C9CD00565E06 /* DIContainer+Network.swift */,
				B5C52C9E2D43C72400565E06 /* DIContainer+AnimationHandler.swift */,
				B5C52CA02D43C7B000565E06 /* DIContainer+ImageFetcher.swift */,
				B5C52CA62D43CA1300565E06 /* DIContainer+Coordinator.swift */,
			);
			path = DIContainer;
			sourceTree = "<group>";
		};
		B550ECED2BA5E11C00044609 /* Coordinators */ = {
			isa = PBXGroup;
			children = (
				B550ECEE2BA5E1DD00044609 /* ProtocolCoordinator.swift */,
				B550ECF22BA5F5A600044609 /* AppCoordinator.swift */,
				B550ECF42BA6024D00044609 /* LoginViewControllerCoordinator.swift */,
				B5137E312D147F2200537427 /* RegisterViewControllerCoordinator.swift */,
				B550ECF82BA6EE0F00044609 /* TabBarControllerCoordinator.swift */,
				B550ED002BB038C900044609 /* TaskViewControllerCoordinator.swift */,
				B550ED022BB092DF00044609 /* CalculateViewControllerCoordinator.swift */,
				B5B647D42C08B25D00743DBE /* NewsViewControllerCoordinator.swift */,
			);
			path = Coordinators;
			sourceTree = "<group>";
		};
		B5913B972CBD8A2400F8764B /* Animation */ = {
			isa = PBXGroup;
			children = (
				B5913B9B2CBD8A8500F8764B /* AnimationHandler.swift */,
			);
			path = Animation;
			sourceTree = "<group>";
		};
		B5ABD5F42CA83DAF00D34B8E /* Network */ = {
			isa = PBXGroup;
			children = (
				B5157DEB2CF7CFD30059B910 /* URLtoImageFetcher.swift */,
				B5ABD5F52CA83DED00D34B8E /* NetworkManager.swift */,
				B5BEBF622D068B8700BF7A72 /* NetworkManagerDelegate.swift */,
				B5ABD5F72CA8537A00D34B8E /* Configuration */,
			);
			path = Network;
			sourceTree = "<group>";
		};
		B5ABD5F72CA8537A00D34B8E /* Configuration */ = {
			isa = PBXGroup;
			children = (
				B5ABD5F82CA853A400D34B8E /* ErrorHandler.swift */,
				B5ABD5FA2CA8599500D34B8E /* SessionConfiguration.swift */,
				B5ABD5FF2CA879D200D34B8E /* EndpointConfiguration.swift */,
				B5D799B72CB635DA00F9DF8D /* RetryConfiguration.swift */,
				B53A38612CD0EC7000C56643 /* Decoder.swift */,
				B53A38652CDFC96B00C56643 /* Encoder.swift */,
			);
			path = Configuration;
			sourceTree = "<group>";
		};
		B5ABD6012CB3089700D34B8E /* AlertPresenter */ = {
			isa = PBXGroup;
			children = (
				B5ABD6022CB308DE00D34B8E /* AlertStrategyPresenter.swift */,
			);
			path = AlertPresenter;
			sourceTree = "<group>";
		};
		B5C52C9B2D43997600565E06 /* Cells */ = {
			isa = PBXGroup;
			children = (
				B55A71C22B727CFE005EB46D /* TaskTableViewCell.swift */,
				B5B647EB2C12174800743DBE /* YouTubeAPITableViewCell.swift */,
			);
			path = Cells;
			sourceTree = "<group>";
		};
		B5C9417229F2A7FE002F9AF3 = {
			isa = PBXGroup;
			children = (
				B5C9417D29F2A7FE002F9AF3 /* ToDoTasks */,
				B5C9417C29F2A7FE002F9AF3 /* Products */,
				B5C941B829F33EB2002F9AF3 /* Support */,
				B5C52C9B2D43997600565E06 /* Cells */,
			);
			sourceTree = "<group>";
		};
		B5C9417C29F2A7FE002F9AF3 /* Products */ = {
			isa = PBXGroup;
			children = (
				B5C9417B29F2A7FE002F9AF3 /* ToDoTasks.app */,
			);
			name = Products;
			sourceTree = "<group>";
		};
		B5C9417D29F2A7FE002F9AF3 /* ToDoTasks */ = {
			isa = PBXGroup;
			children = (
				B5913B972CBD8A2400F8764B /* Animation */,
				B5ABD6012CB3089700D34B8E /* AlertPresenter */,
				B5ABD5F42CA83DAF00D34B8E /* Network */,
				B550ECED2BA5E11C00044609 /* Coordinators */,
				B533A8732B5D74A200448BBC /* Model */,
				B5F7A30F2A0E2F1300EF0447 /* Extensions */,
				B5C941B729F33E81002F9AF3 /* Controllers */,
				B53A38682CDFE37400C56643 /* DIContainer */,
			);
			path = ToDoTasks;
			sourceTree = "<group>";
		};
		B5C941B729F33E81002F9AF3 /* Controllers */ = {
			isa = PBXGroup;
			children = (
				B5C9418229F2A7FE002F9AF3 /* LoginViewController.swift */,
				B5F7A30C29FECCB900EF0447 /* RegisterViewController.swift */,
				B550ECF62BA60CE900044609 /* TabBarViewController.swift */,
				B5C9419229F2AA0D002F9AF3 /* TaskViewController.swift */,
				B55C27952B9C862A003A3DBA /* CalculationViewController.swift */,
				B5B647F32C18A1D700743DBE /* NewsTableViewController.swift */,
				B55C27912B9219A0003A3DBA /* PopoverRcalculateViewController.swift */,
			);
			path = Controllers;
			sourceTree = "<group>";
		};
		B5C941B829F33EB2002F9AF3 /* Support */ = {
			isa = PBXGroup;
			children = (
				B5C9418029F2A7FE002F9AF3 /* SceneDelegate.swift */,
				B5C9417E29F2A7FE002F9AF3 /* AppDelegate.swift */,
				B5C9418729F2A800002F9AF3 /* Assets.xcassets */,
				B5C9418929F2A800002F9AF3 /* LaunchScreen.storyboard */,
				B5C941B429F33A3B002F9AF3 /* GoogleService-Info.plist */,
				B5C9418C29F2A800002F9AF3 /* Info.plist */,
				B57222FC2CEBDC6100E57E4F /* Logger.swift */,
				B5157DE92CF4D6B50059B910 /* Environment.swift */,
				B5C52CAA2D45275200565E06 /* Observable.swift */,
			);
			path = Support;
			sourceTree = "<group>";
		};
		B5F7A30F2A0E2F1300EF0447 /* Extensions */ = {
			isa = PBXGroup;
			children = (
				B5F7A3102A0E2F3C00EF0447 /* Validation.swift */,
			);
			path = Extensions;
			sourceTree = "<group>";
		};
/* End PBXGroup section */

/* Begin PBXNativeTarget section */
		B5C9417A29F2A7FE002F9AF3 /* ToDoTasks */ = {
			isa = PBXNativeTarget;
			buildConfigurationList = B5C9418F29F2A800002F9AF3 /* Build configuration list for PBXNativeTarget "ToDoTasks" */;
			buildPhases = (
				B5C9417729F2A7FE002F9AF3 /* Sources */,
				B5C9417829F2A7FE002F9AF3 /* Frameworks */,
				B5C9417929F2A7FE002F9AF3 /* Resources */,
			);
			buildRules = (
			);
			dependencies = (
			);
			name = ToDoTasks;
			packageProductDependencies = (
				B5A78F462CF243F500F7A3D8 /* FirebaseAuth */,
				B5A78F482CF243F500F7A3D8 /* FirebaseAuthCombine-Community */,
				B5A78F4A2CF243F500F7A3D8 /* FirebaseCore */,
				B5A78F4C2CF243F500F7A3D8 /* FirebaseCrashlytics */,
				B5A78F4E2CF243F500F7A3D8 /* FirebaseDatabase */,
				B5A78F502CF243F500F7A3D8 /* FirebaseFirestore */,
				B5A78F532CF2445300F7A3D8 /* SDWebImage */,
				B5A78F552CF2445300F7A3D8 /* SDWebImageMapKit */,
				B5A78F582CF2447D00F7A3D8 /* IQKeyboardManagerSwift */,
				B58D3DC02D0674FB00B86EDE /* Swinject */,
				B5BEBF602D06753F00BF7A72 /* SwinjectAutoregistration */,
			);
			productName = ToDoTasks;
			productReference = B5C9417B29F2A7FE002F9AF3 /* ToDoTasks.app */;
			productType = "com.apple.product-type.application";
		};
/* End PBXNativeTarget section */

/* Begin PBXProject section */
		B5C9417329F2A7FE002F9AF3 /* Project object */ = {
			isa = PBXProject;
			attributes = {
				BuildIndependentTargetsInParallel = 1;
				LastSwiftUpdateCheck = 1320;
				LastUpgradeCheck = 1610;
				TargetAttributes = {
					B5C9417A29F2A7FE002F9AF3 = {
						CreatedOnToolsVersion = 13.2.1;
					};
				};
			};
			buildConfigurationList = B5C9417629F2A7FE002F9AF3 /* Build configuration list for PBXProject "ToDoTasks" */;
			compatibilityVersion = "Xcode 13.0";
			developmentRegion = en;
			hasScannedForEncodings = 0;
			knownRegions = (
				en,
				Base,
			);
			mainGroup = B5C9417229F2A7FE002F9AF3;
			packageReferences = (
				B5A78F452CF243F500F7A3D8 /* XCRemoteSwiftPackageReference "firebase-ios-sdk" */,
				B5A78F522CF2445300F7A3D8 /* XCRemoteSwiftPackageReference "SDWebImage" */,
				B5A78F572CF2447D00F7A3D8 /* XCRemoteSwiftPackageReference "IQKeyboardManager" */,
				B58D3DBF2D0674FB00B86EDE /* XCRemoteSwiftPackageReference "Swinject" */,
				B5BEBF5F2D06753F00BF7A72 /* XCRemoteSwiftPackageReference "SwinjectAutoregistration" */,
			);
			productRefGroup = B5C9417C29F2A7FE002F9AF3 /* Products */;
			projectDirPath = "";
			projectRoot = "";
			targets = (
				B5C9417A29F2A7FE002F9AF3 /* ToDoTasks */,
			);
		};
/* End PBXProject section */

/* Begin PBXResourcesBuildPhase section */
		B5C9417929F2A7FE002F9AF3 /* Resources */ = {
			isa = PBXResourcesBuildPhase;
			buildActionMask = 2147483647;
			files = (
				B5C9418B29F2A800002F9AF3 /* LaunchScreen.storyboard in Resources */,
				B5C9418829F2A800002F9AF3 /* Assets.xcassets in Resources */,
				B5C941B529F33A3B002F9AF3 /* GoogleService-Info.plist in Resources */,
			);
			runOnlyForDeploymentPostprocessing = 0;
		};
/* End PBXResourcesBuildPhase section */

/* Begin PBXSourcesBuildPhase section */
		B5C9417729F2A7FE002F9AF3 /* Sources */ = {
			isa = PBXSourcesBuildPhase;
			buildActionMask = 2147483647;
			files = (
				B5D799B82CB635DA00F9DF8D /* RetryConfiguration.swift in Sources */,
				B5C52CA72D43CA1300565E06 /* DIContainer+Coordinator.swift in Sources */,
				B5B647F42C18A1D700743DBE /* NewsTableViewController.swift in Sources */,
				B550ED032BB092DF00044609 /* CalculateViewControllerCoordinator.swift in Sources */,
				B53A386A2CDFE3A800C56643 /* DIContainer.swift in Sources */,
				B5ABD6032CB308DE00D34B8E /* AlertStrategyPresenter.swift in Sources */,
				B5ABD5F92CA853A400D34B8E /* ErrorHandler.swift in Sources */,
				B5C52CA12D43C7B000565E06 /* DIContainer+ImageFetcher.swift in Sources */,
				B5913B9C2CBD8AA500F8764B /* AnimationHandler.swift in Sources */,
				B5B647D52C08B25D00743DBE /* NewsViewControllerCoordinator.swift in Sources */,
				B55A71C32B727CFE005EB46D /* TaskTableViewCell.swift in Sources */,
				B5C52CAB2D45275200565E06 /* Observable.swift in Sources */,
				B5137E322D147F2200537427 /* RegisterViewControllerCoordinator.swift in Sources */,
				B55C27962B9C862A003A3DBA /* CalculationViewController.swift in Sources */,
				B533A8752B5D74ED00448BBC /* TaskModel.swift in Sources */,
				B5ABD6002CA879D200D34B8E /* EndpointConfiguration.swift in Sources */,
				B550ECF52BA6024D00044609 /* LoginViewControllerCoordinator.swift in Sources */,
				B5B647EC2C12174800743DBE /* YouTubeAPITableViewCell.swift in Sources */,
				B5C52C9F2D43C72D00565E06 /* DIContainer+AnimationHandler.swift in Sources */,
				B5C52C982D43978A00565E06 /* NewAPIModel.swift in Sources */,
				B550ED012BB038C900044609 /* TaskViewControllerCoordinator.swift in Sources */,
				B57222FD2CEBDC6100E57E4F /* Logger.swift in Sources */,
				B5C9418329F2A7FE002F9AF3 /* LoginViewController.swift in Sources */,
				B5BEBF632D068B8700BF7A72 /* NetworkManagerDelegate.swift in Sources */,
				B550ECF32BA5F5A600044609 /* AppCoordinator.swift in Sources */,
				B5ABD5F62CA83DED00D34B8E /* NetworkManager.swift in Sources */,
				B550ECF72BA60CE900044609 /* TabBarViewController.swift in Sources */,
				B53A38622CD0EC7000C56643 /* Decoder.swift in Sources */,
				B55C27922B9219A0003A3DBA /* PopoverRcalculateViewController.swift in Sources */,
				B5157DEC2CF7CFD30059B910 /* URLtoImageFetcher.swift in Sources */,
				B5C52CA52D43C9D000565E06 /* DIContainer+Network.swift in Sources */,
				B550ECEF2BA5E1DD00044609 /* ProtocolCoordinator.swift in Sources */,
				B550ECF92BA6EE0F00044609 /* TabBarControllerCoordinator.swift in Sources */,
				B5F7A30D29FECCB900EF0447 /* RegisterViewController.swift in Sources */,
				B5C9419329F2AA0D002F9AF3 /* TaskViewController.swift in Sources */,
				B5C9417F29F2A7FE002F9AF3 /* AppDelegate.swift in Sources */,
				B5157DEA2CF4D6B50059B910 /* Environment.swift in Sources */,
				B5F7A3112A0E2F3C00EF0447 /* Validation.swift in Sources */,
				B5ABD5FB2CA8599500D34B8E /* SessionConfiguration.swift in Sources */,
				B5C9418129F2A7FE002F9AF3 /* SceneDelegate.swift in Sources */,
				B53A38662CDFC96B00C56643 /* Encoder.swift in Sources */,
			);
			runOnlyForDeploymentPostprocessing = 0;
		};
/* End PBXSourcesBuildPhase section */

/* Begin PBXVariantGroup section */
		B5C9418929F2A800002F9AF3 /* LaunchScreen.storyboard */ = {
			isa = PBXVariantGroup;
			children = (
				B5C9418A29F2A800002F9AF3 /* Base */,
			);
			name = LaunchScreen.storyboard;
			sourceTree = "<group>";
		};
/* End PBXVariantGroup section */

/* Begin XCBuildConfiguration section */
		B5C9418D29F2A800002F9AF3 /* Debug */ = {
			isa = XCBuildConfiguration;
			buildSettings = {
				ALWAYS_SEARCH_USER_PATHS = NO;
				ASSETCATALOG_COMPILER_GENERATE_SWIFT_ASSET_SYMBOL_EXTENSIONS = YES;
				CLANG_ANALYZER_NONNULL = YES;
				CLANG_ANALYZER_NUMBER_OBJECT_CONVERSION = YES_AGGRESSIVE;
				CLANG_CXX_LANGUAGE_STANDARD = "gnu++17";
				CLANG_CXX_LIBRARY = "libc++";
				CLANG_ENABLE_MODULES = YES;
				CLANG_ENABLE_OBJC_ARC = YES;
				CLANG_ENABLE_OBJC_WEAK = YES;
				CLANG_WARN_BLOCK_CAPTURE_AUTORELEASING = YES;
				CLANG_WARN_BOOL_CONVERSION = YES;
				CLANG_WARN_COMMA = YES;
				CLANG_WARN_CONSTANT_CONVERSION = YES;
				CLANG_WARN_DEPRECATED_OBJC_IMPLEMENTATIONS = YES;
				CLANG_WARN_DIRECT_OBJC_ISA_USAGE = YES_ERROR;
				CLANG_WARN_DOCUMENTATION_COMMENTS = YES;
				CLANG_WARN_EMPTY_BODY = YES;
				CLANG_WARN_ENUM_CONVERSION = YES;
				CLANG_WARN_INFINITE_RECURSION = YES;
				CLANG_WARN_INT_CONVERSION = YES;
				CLANG_WARN_NON_LITERAL_NULL_CONVERSION = YES;
				CLANG_WARN_OBJC_IMPLICIT_RETAIN_SELF = YES;
				CLANG_WARN_OBJC_LITERAL_CONVERSION = YES;
				CLANG_WARN_OBJC_ROOT_CLASS = YES_ERROR;
				CLANG_WARN_QUOTED_INCLUDE_IN_FRAMEWORK_HEADER = YES;
				CLANG_WARN_RANGE_LOOP_ANALYSIS = YES;
				CLANG_WARN_STRICT_PROTOTYPES = YES;
				CLANG_WARN_SUSPICIOUS_MOVE = YES;
				CLANG_WARN_UNGUARDED_AVAILABILITY = YES_AGGRESSIVE;
				CLANG_WARN_UNREACHABLE_CODE = YES;
				CLANG_WARN__DUPLICATE_METHOD_MATCH = YES;
				COPY_PHASE_STRIP = NO;
				DEBUG_INFORMATION_FORMAT = dwarf;
				ENABLE_STRICT_OBJC_MSGSEND = YES;
				ENABLE_TESTABILITY = YES;
				ENABLE_USER_SCRIPT_SANDBOXING = NO;
				GCC_C_LANGUAGE_STANDARD = gnu11;
				GCC_DYNAMIC_NO_PIC = NO;
				GCC_NO_COMMON_BLOCKS = YES;
				GCC_OPTIMIZATION_LEVEL = 0;
				GCC_PREPROCESSOR_DEFINITIONS = (
					"DEBUG=1",
					"$(inherited)",
				);
				GCC_WARN_64_TO_32_BIT_CONVERSION = YES;
				GCC_WARN_ABOUT_RETURN_TYPE = YES_ERROR;
				GCC_WARN_UNDECLARED_SELECTOR = YES;
				GCC_WARN_UNINITIALIZED_AUTOS = YES_AGGRESSIVE;
				GCC_WARN_UNUSED_FUNCTION = YES;
				GCC_WARN_UNUSED_VARIABLE = YES;
				IPHONEOS_DEPLOYMENT_TARGET = 16.0;
				MTL_ENABLE_DEBUG_INFO = INCLUDE_SOURCE;
				MTL_FAST_MATH = YES;
				ONLY_ACTIVE_ARCH = YES;
				OTHER_SWIFT_FLAGS = "-DDEBUG -DLOGGING_ENABLED";
				SDKROOT = iphoneos;
				SWIFT_ACTIVE_COMPILATION_CONDITIONS = "-DDEBUG";
				SWIFT_OPTIMIZATION_LEVEL = "-Onone";
			};
			name = Debug;
		};
		B5C9418E29F2A800002F9AF3 /* Release */ = {
			isa = XCBuildConfiguration;
			buildSettings = {
				ALWAYS_SEARCH_USER_PATHS = NO;
				ASSETCATALOG_COMPILER_GENERATE_SWIFT_ASSET_SYMBOL_EXTENSIONS = YES;
				CLANG_ANALYZER_NONNULL = YES;
				CLANG_ANALYZER_NUMBER_OBJECT_CONVERSION = YES_AGGRESSIVE;
				CLANG_CXX_LANGUAGE_STANDARD = "gnu++17";
				CLANG_CXX_LIBRARY = "libc++";
				CLANG_ENABLE_MODULES = YES;
				CLANG_ENABLE_OBJC_ARC = YES;
				CLANG_ENABLE_OBJC_WEAK = YES;
				CLANG_WARN_BLOCK_CAPTURE_AUTORELEASING = YES;
				CLANG_WARN_BOOL_CONVERSION = YES;
				CLANG_WARN_COMMA = YES;
				CLANG_WARN_CONSTANT_CONVERSION = YES;
				CLANG_WARN_DEPRECATED_OBJC_IMPLEMENTATIONS = YES;
				CLANG_WARN_DIRECT_OBJC_ISA_USAGE = YES_ERROR;
				CLANG_WARN_DOCUMENTATION_COMMENTS = YES;
				CLANG_WARN_EMPTY_BODY = YES;
				CLANG_WARN_ENUM_CONVERSION = YES;
				CLANG_WARN_INFINITE_RECURSION = YES;
				CLANG_WARN_INT_CONVERSION = YES;
				CLANG_WARN_NON_LITERAL_NULL_CONVERSION = YES;
				CLANG_WARN_OBJC_IMPLICIT_RETAIN_SELF = YES;
				CLANG_WARN_OBJC_LITERAL_CONVERSION = YES;
				CLANG_WARN_OBJC_ROOT_CLASS = YES_ERROR;
				CLANG_WARN_QUOTED_INCLUDE_IN_FRAMEWORK_HEADER = YES;
				CLANG_WARN_RANGE_LOOP_ANALYSIS = YES;
				CLANG_WARN_STRICT_PROTOTYPES = YES;
				CLANG_WARN_SUSPICIOUS_MOVE = YES;
				CLANG_WARN_UNGUARDED_AVAILABILITY = YES_AGGRESSIVE;
				CLANG_WARN_UNREACHABLE_CODE = YES;
				CLANG_WARN__DUPLICATE_METHOD_MATCH = YES;
				COPY_PHASE_STRIP = NO;
				DEBUG_INFORMATION_FORMAT = "dwarf-with-dsym";
				ENABLE_NS_ASSERTIONS = NO;
				ENABLE_STRICT_OBJC_MSGSEND = YES;
				ENABLE_USER_SCRIPT_SANDBOXING = NO;
				GCC_C_LANGUAGE_STANDARD = gnu11;
				GCC_NO_COMMON_BLOCKS = YES;
				GCC_WARN_64_TO_32_BIT_CONVERSION = YES;
				GCC_WARN_ABOUT_RETURN_TYPE = YES_ERROR;
				GCC_WARN_UNDECLARED_SELECTOR = YES;
				GCC_WARN_UNINITIALIZED_AUTOS = YES_AGGRESSIVE;
				GCC_WARN_UNUSED_FUNCTION = YES;
				GCC_WARN_UNUSED_VARIABLE = YES;
				IPHONEOS_DEPLOYMENT_TARGET = 16.0;
				MTL_ENABLE_DEBUG_INFO = NO;
				MTL_FAST_MATH = YES;
				OTHER_SWIFT_FLAGS = "-DRELEASE";
				SDKROOT = iphoneos;
				SWIFT_COMPILATION_MODE = wholemodule;
				SWIFT_OPTIMIZATION_LEVEL = "-O";
				VALIDATE_PRODUCT = YES;
			};
			name = Release;
		};
		B5C9419029F2A800002F9AF3 /* Debug */ = {
			isa = XCBuildConfiguration;
			buildSettings = {
				ASSETCATALOG_COMPILER_APPICON_NAME = AppIcon;
				ASSETCATALOG_COMPILER_GLOBAL_ACCENT_COLOR_NAME = AccentColor;
				CODE_SIGN_IDENTITY = "Apple Development";
				CODE_SIGN_STYLE = Automatic;
				CURRENT_PROJECT_VERSION = 1;
				DEVELOPMENT_TEAM = SHG8TR3AU3;
				GENERATE_INFOPLIST_FILE = YES;
				INFOPLIST_FILE = ToDoTasks/Info.plist;
				INFOPLIST_KEY_UIApplicationSupportsIndirectInputEvents = YES;
				INFOPLIST_KEY_UILaunchStoryboardName = LaunchScreen;
				INFOPLIST_KEY_UISupportedInterfaceOrientations = UIInterfaceOrientationPortrait;
				IPHONEOS_DEPLOYMENT_TARGET = 16.0;
				LD_RUNPATH_SEARCH_PATHS = (
					"$(inherited)",
					"@executable_path/Frameworks",
				);
				MARKETING_VERSION = 1.0;
				OTHER_LDFLAGS = "";
				OTHER_SWIFT_FLAGS = "$(inherited) -D COCOAPODS -DLOGGING_ENABLED";
				PRODUCT_BUNDLE_IDENTIFIER = MaxLaurel.ToDoTasks;
				PRODUCT_NAME = "$(TARGET_NAME)";
				PROVISIONING_PROFILE_SPECIFIER = "";
				SWIFT_ACTIVE_COMPILATION_CONDITIONS = DEBUG;
				SWIFT_EMIT_LOC_STRINGS = YES;
				SWIFT_VERSION = 5.0;
				TARGETED_DEVICE_FAMILY = "1,2";
			};
			name = Debug;
		};
		B5C9419129F2A800002F9AF3 /* Release */ = {
			isa = XCBuildConfiguration;
			buildSettings = {
				ASSETCATALOG_COMPILER_APPICON_NAME = AppIcon;
				ASSETCATALOG_COMPILER_GLOBAL_ACCENT_COLOR_NAME = AccentColor;
				CODE_SIGN_IDENTITY = "Apple Development";
				CODE_SIGN_STYLE = Automatic;
				CURRENT_PROJECT_VERSION = 1;
				DEVELOPMENT_TEAM = SHG8TR3AU3;
				GENERATE_INFOPLIST_FILE = YES;
				INFOPLIST_FILE = ToDoTasks/Info.plist;
				INFOPLIST_KEY_UIApplicationSupportsIndirectInputEvents = YES;
				INFOPLIST_KEY_UILaunchStoryboardName = LaunchScreen;
				INFOPLIST_KEY_UISupportedInterfaceOrientations = UIInterfaceOrientationPortrait;
				IPHONEOS_DEPLOYMENT_TARGET = 16.0;
				LD_RUNPATH_SEARCH_PATHS = (
					"$(inherited)",
					"@executable_path/Frameworks",
				);
				MARKETING_VERSION = 1.0;
				OTHER_LDFLAGS = "";
				PRODUCT_BUNDLE_IDENTIFIER = MaxLaurel.ToDoTasks;
				PRODUCT_NAME = "$(TARGET_NAME)";
				PROVISIONING_PROFILE_SPECIFIER = "";
				SWIFT_EMIT_LOC_STRINGS = YES;
				SWIFT_VERSION = 5.0;
				TARGETED_DEVICE_FAMILY = "1,2";
			};
			name = Release;
		};
/* End XCBuildConfiguration section */

/* Begin XCConfigurationList section */
		B5C9417629F2A7FE002F9AF3 /* Build configuration list for PBXProject "ToDoTasks" */ = {
			isa = XCConfigurationList;
			buildConfigurations = (
				B5C9418D29F2A800002F9AF3 /* Debug */,
				B5C9418E29F2A800002F9AF3 /* Release */,
			);
			defaultConfigurationIsVisible = 0;
			defaultConfigurationName = Release;
		};
		B5C9418F29F2A800002F9AF3 /* Build configuration list for PBXNativeTarget "ToDoTasks" */ = {
			isa = XCConfigurationList;
			buildConfigurations = (
				B5C9419029F2A800002F9AF3 /* Debug */,
				B5C9419129F2A800002F9AF3 /* Release */,
			);
			defaultConfigurationIsVisible = 0;
			defaultConfigurationName = Release;
		};
/* End XCConfigurationList section */

/* Begin XCRemoteSwiftPackageReference section */
		B58D3DBF2D0674FB00B86EDE /* XCRemoteSwiftPackageReference "Swinject" */ = {
			isa = XCRemoteSwiftPackageReference;
			repositoryURL = "https://github.com/Swinject/Swinject.git";
			requirement = {
				kind = upToNextMajorVersion;
				minimumVersion = 2.9.1;
			};
		};
		B5A78F452CF243F500F7A3D8 /* XCRemoteSwiftPackageReference "firebase-ios-sdk" */ = {
			isa = XCRemoteSwiftPackageReference;
			repositoryURL = "https://github.com/firebase/firebase-ios-sdk.git";
			requirement = {
				kind = upToNextMajorVersion;
				minimumVersion = 11.5.0;
			};
		};
		B5A78F522CF2445300F7A3D8 /* XCRemoteSwiftPackageReference "SDWebImage" */ = {
			isa = XCRemoteSwiftPackageReference;
			repositoryURL = "https://github.com/SDWebImage/SDWebImage";
			requirement = {
				kind = upToNextMajorVersion;
				minimumVersion = 5.20.0;
			};
		};
		B5A78F572CF2447D00F7A3D8 /* XCRemoteSwiftPackageReference "IQKeyboardManager" */ = {
			isa = XCRemoteSwiftPackageReference;
			repositoryURL = "https://github.com/hackiftekhar/IQKeyboardManager";
			requirement = {
				kind = upToNextMajorVersion;
				minimumVersion = 8.0.0;
			};
		};
		B5BEBF5F2D06753F00BF7A72 /* XCRemoteSwiftPackageReference "SwinjectAutoregistration" */ = {
			isa = XCRemoteSwiftPackageReference;
			repositoryURL = "https://github.com/Swinject/SwinjectAutoregistration";
			requirement = {
				kind = upToNextMajorVersion;
				minimumVersion = 2.9.1;
			};
		};
/* End XCRemoteSwiftPackageReference section */

/* Begin XCSwiftPackageProductDependency section */
		B58D3DC02D0674FB00B86EDE /* Swinject */ = {
			isa = XCSwiftPackageProductDependency;
			package = B58D3DBF2D0674FB00B86EDE /* XCRemoteSwiftPackageReference "Swinject" */;
			productName = Swinject;
		};
		B5A78F462CF243F500F7A3D8 /* FirebaseAuth */ = {
			isa = XCSwiftPackageProductDependency;
			package = B5A78F452CF243F500F7A3D8 /* XCRemoteSwiftPackageReference "firebase-ios-sdk" */;
			productName = FirebaseAuth;
		};
		B5A78F482CF243F500F7A3D8 /* FirebaseAuthCombine-Community */ = {
			isa = XCSwiftPackageProductDependency;
			package = B5A78F452CF243F500F7A3D8 /* XCRemoteSwiftPackageReference "firebase-ios-sdk" */;
			productName = "FirebaseAuthCombine-Community";
		};
		B5A78F4A2CF243F500F7A3D8 /* FirebaseCore */ = {
			isa = XCSwiftPackageProductDependency;
			package = B5A78F452CF243F500F7A3D8 /* XCRemoteSwiftPackageReference "firebase-ios-sdk" */;
			productName = FirebaseCore;
		};
		B5A78F4C2CF243F500F7A3D8 /* FirebaseCrashlytics */ = {
			isa = XCSwiftPackageProductDependency;
			package = B5A78F452CF243F500F7A3D8 /* XCRemoteSwiftPackageReference "firebase-ios-sdk" */;
			productName = FirebaseCrashlytics;
		};
		B5A78F4E2CF243F500F7A3D8 /* FirebaseDatabase */ = {
			isa = XCSwiftPackageProductDependency;
			package = B5A78F452CF243F500F7A3D8 /* XCRemoteSwiftPackageReference "firebase-ios-sdk" */;
			productName = FirebaseDatabase;
		};
		B5A78F502CF243F500F7A3D8 /* FirebaseFirestore */ = {
			isa = XCSwiftPackageProductDependency;
			package = B5A78F452CF243F500F7A3D8 /* XCRemoteSwiftPackageReference "firebase-ios-sdk" */;
			productName = FirebaseFirestore;
		};
		B5A78F532CF2445300F7A3D8 /* SDWebImage */ = {
			isa = XCSwiftPackageProductDependency;
			package = B5A78F522CF2445300F7A3D8 /* XCRemoteSwiftPackageReference "SDWebImage" */;
			productName = SDWebImage;
		};
		B5A78F552CF2445300F7A3D8 /* SDWebImageMapKit */ = {
			isa = XCSwiftPackageProductDependency;
			package = B5A78F522CF2445300F7A3D8 /* XCRemoteSwiftPackageReference "SDWebImage" */;
			productName = SDWebImageMapKit;
		};
		B5A78F582CF2447D00F7A3D8 /* IQKeyboardManagerSwift */ = {
			isa = XCSwiftPackageProductDependency;
			package = B5A78F572CF2447D00F7A3D8 /* XCRemoteSwiftPackageReference "IQKeyboardManager" */;
			productName = IQKeyboardManagerSwift;
		};
		B5BEBF602D06753F00BF7A72 /* SwinjectAutoregistration */ = {
			isa = XCSwiftPackageProductDependency;
			package = B5BEBF5F2D06753F00BF7A72 /* XCRemoteSwiftPackageReference "SwinjectAutoregistration" */;
			productName = SwinjectAutoregistration;
		};
/* End XCSwiftPackageProductDependency section */
	};
	rootObject = B5C9417329F2A7FE002F9AF3 /* Project object */;
}
